
Microsoft Visual Studio Solution File, Format Version 12.00
# Visual Studio Version 17
VisualStudioVersion = 17.9.34723.18
MinimumVisualStudioVersion = 10.0.40219.1
Project("{FAE04EC0-301F-11D3-BF4B-00C04F79EFBC}") = "TaskSeventeen.Six.Six", "TaskSeventeen.Six.Six\TaskSeventeen.Six.Six.csproj", "{C1D099E8-BAC2-48CF-B715-C0D3A4BD0EDF}"
EndProject
Global
	GlobalSection(SolutionConfigurationPlatforms) = preSolution
		Debug|Any CPU = Debug|Any CPU
		Release|Any CPU = Release|Any CPU
	EndGlobalSection
	GlobalSection(ProjectConfigurationPlatforms) = postSolution
		{C1D099E8-BAC2-48CF-B715-C0D3A4BD0EDF}.Debug|Any CPU.ActiveCfg = Debug|Any CPU
		{C1D099E8-BAC2-48CF-B715-C0D3A4BD0EDF}.Debug|Any CPU.Build.0 = Debug|Any CPU
		{C1D099E8-BAC2-48CF-B715-C0D3A4BD0EDF}.Release|Any CPU.ActiveCfg = Release|Any CPU
		{C1D099E8-BAC2-48CF-B715-C0D3A4BD0EDF}.Release|Any CPU.Build.0 = Release|Any CPU
	EndGlobalSection
	GlobalSection(SolutionProperties) = preSolution
		HideSolutionNode = FALSE
	EndGlobalSection
	GlobalSection(ExtensibilityGlobals) = postSolution
		SolutionGuid = {B4980F55-A395-4555-A887-74810805B664}
	EndGlobalSection
EndGlobal
